
Microsoft Visual Studio Solution File, Format Version 12.00
# Visual Studio Version 17
VisualStudioVersion = 17.7.34031.279
MinimumVisualStudioVersion = 10.0.40219.1
Project("{FAE04EC0-301F-11D3-BF4B-00C04F79EFBC}") = "labaOPR41var", "labaOPR41var\labaOPR41var.csproj", "{3D9B47F1-A59B-42F7-80CB-E1156D8FC302}"
EndProject
Global
	GlobalSection(SolutionConfigurationPlatforms) = preSolution
		Debug|Any CPU = Debug|Any CPU
		Release|Any CPU = Release|Any CPU
	EndGlobalSection
	GlobalSection(ProjectConfigurationPlatforms) = postSolution
		{3D9B47F1-A59B-42F7-80CB-E1156D8FC302}.Debug|Any CPU.ActiveCfg = Debug|Any CPU
		{3D9B47F1-A59B-42F7-80CB-E1156D8FC302}.Debug|Any CPU.Build.0 = Debug|Any CPU
		{3D9B47F1-A59B-42F7-80CB-E1156D8FC302}.Release|Any CPU.ActiveCfg = Release|Any CPU
		{3D9B47F1-A59B-42F7-80CB-E1156D8FC302}.Release|Any CPU.Build.0 = Release|Any CPU
	EndGlobalSection
	GlobalSection(SolutionProperties) = preSolution
		HideSolutionNode = FALSE
	EndGlobalSection
	GlobalSection(ExtensibilityGlobals) = postSolution
		SolutionGuid = {D7D07D6F-86A3-43F1-AE19-ACD1ACBD38F2}
	EndGlobalSection
EndGlobal
